{
  "requires": true,
  "lockfileVersion": 1,
  "dependencies": {
    "@typegoose/typegoose": {
      "version": "7.6.0",
      "resolved": "https://registry.npmjs.org/@typegoose/typegoose/-/typegoose-7.6.0.tgz",
      "integrity": "sha512-m7iz8L52y6bQLGQpPnOwKJQsfpFZkICa0TSiGIlZNy1DLrElj+GZfatQG4Ag5wHZRxhOMaEaBS0iqDGmvtm7Tg==",
      "requires": {
        "lodash": "^4.17.20",
        "loglevel": "^1.7.0",
        "reflect-metadata": "^0.1.13",
        "semver": "^7.3.2",
        "tslib": "^2.0.1"
      }
    },
    "@types/bson": {
      "version": "4.0.3",
      "resolved": "https://registry.npmjs.org/@types/bson/-/bson-4.0.3.tgz",
      "integrity": "sha512-mVRvYnTOZJz3ccpxhr3wgxVmSeiYinW+zlzQz3SXWaJmD1DuL05Jeq7nKw3SnbKmbleW5qrLG5vdyWe/A9sXhw==",
      "requires": {
        "@types/node": "*"
      }
    },
    "@types/mongodb": {
      "version": "3.6.14",
      "resolved": "https://registry.npmjs.org/@types/mongodb/-/mongodb-3.6.14.tgz",
      "integrity": "sha512-S9WP5+rkofDjAquHNBteuPN11GDZ2vfLHvRsjLS842JgWS4aTPRj8D7QJlsBEwEXt5/JdV0x7A4800rw4cn1lg==",
      "requires": {
        "@types/bson": "*",
        "@types/node": "*"
      }
    },
    "@types/mongoose": {
      "version": "5.10.5",
      "resolved": "https://registry.npmjs.org/@types/mongoose/-/mongoose-5.10.5.tgz",
      "integrity": "sha512-37QMIA954T3n+HSksSNLlxZsqF8fMJu5S4dyPBod6gRxGtsXlQ9jUtL8BE8Seimv99u79eLXI3bggoCnSQ/fxQ==",
      "requires": {
        "@types/mongodb": "*",
        "@types/node": "*"
      }
    },
    "@types/node": {
      "version": "15.3.0",
      "resolved": "https://registry.npmjs.org/@types/node/-/node-15.3.0.tgz",
      "integrity": "sha512-8/bnjSZD86ZfpBsDlCIkNXIvm+h6wi9g7IqL+kmFkQ+Wvu3JrasgLElfiPgoo8V8vVfnEi0QVS12gbl94h9YsQ=="
    },
    "class-transformer": {
      "version": "0.4.0",
      "resolved": "https://registry.npmjs.org/class-transformer/-/class-transformer-0.4.0.tgz",
      "integrity": "sha512-ETWD/H2TbWbKEi7m9N4Km5+cw1hNcqJSxlSYhsLsNjQzWWiZIYA1zafxpK9PwVfaZ6AqR5rrjPVUBGESm5tQUA=="
    },
    "class-validator": {
      "version": "0.13.1",
      "resolved": "https://registry.npmjs.org/class-validator/-/class-validator-0.13.1.tgz",
      "integrity": "sha512-zWIeYFhUitvAHBwNhDdCRK09hWx+P0HUwFE8US8/CxFpMVzkUK8RJl7yOIE+BVu2lxyPNgeOaFv78tLE47jBIg==",
      "requires": {
        "@types/validator": "^13.1.3",
        "libphonenumber-js": "^1.9.7",
        "validator": "^13.5.2"
      },
      "dependencies": {
        "@types/validator": {
          "version": "13.1.3",
          "resolved": "https://registry.npmjs.org/@types/validator/-/validator-13.1.3.tgz",
          "integrity": "sha512-DaOWN1zf7j+8nHhqXhIgNmS+ltAC53NXqGxYuBhWqWgqolRhddKzfZU814lkHQSTG0IUfQxU7Cg0gb8fFWo2mA=="
        },
        "libphonenumber-js": {
          "version": "1.9.17",
          "resolved": "https://registry.npmjs.org/libphonenumber-js/-/libphonenumber-js-1.9.17.tgz",
          "integrity": "sha512-ElJki901OynMg1l+evooPH1VyHrECuLqpgc12z2BkK25dFU5lUKTuMHEYV2jXxvtns/PIuJax56cBeoSK7ANow=="
        },
        "validator": {
          "version": "13.6.0",
          "resolved": "https://registry.npmjs.org/validator/-/validator-13.6.0.tgz",
          "integrity": "sha512-gVgKbdbHgtxpRyR8K0O6oFZPhhB5tT1jeEHZR0Znr9Svg03U0+r9DXWMrnRAB+HtCStDQKlaIZm42tVsVjqtjg=="
        }
      }
    },
    "lodash": {
      "version": "4.17.21",
      "resolved": "https://registry.npmjs.org/lodash/-/lodash-4.17.21.tgz",
      "integrity": "sha512-v2kDEe57lecTulaDIuNTPy3Ry4gLGJ6Z1O3vE1krgXZNrsQ+LFTGHVxVjcXPs17LhbZVGedAJv8XZ1tvj5FvSg=="
    },
    "loglevel": {
      "version": "1.7.1",
      "resolved": "https://registry.npmjs.org/loglevel/-/loglevel-1.7.1.tgz",
      "integrity": "sha512-Hesni4s5UkWkwCGJMQGAh71PaLUmKFM60dHvq0zi/vDhhrzuk+4GgNbTXJ12YYQJn6ZKBDNIjYcuQGKudvqrIw=="
    },
    "lru-cache": {
      "version": "6.0.0",
      "resolved": "https://registry.npmjs.org/lru-cache/-/lru-cache-6.0.0.tgz",
      "integrity": "sha512-Jo6dJ04CmSjuznwJSS3pUeWmd/H0ffTlkXXgwZi+eq1UCmqQwCh+eLsYOYCwY991i2Fah4h1BEMCx4qThGbsiA==",
      "requires": {
        "yallist": "^4.0.0"
      }
    },
    "reflect-metadata": {
      "version": "0.1.13",
      "resolved": "https://registry.npmjs.org/reflect-metadata/-/reflect-metadata-0.1.13.tgz",
      "integrity": "sha512-Ts1Y/anZELhSsjMcU605fU9RE4Oi3p5ORujwbIKXfWa+0Zxs510Qrmrce5/Jowq3cHSZSJqBjypxmHarc+vEWg=="
    },
    "semver": {
      "version": "7.3.5",
      "resolved": "https://registry.npmjs.org/semver/-/semver-7.3.5.tgz",
      "integrity": "sha512-PoeGJYh8HK4BTO/a9Tf6ZG3veo/A7ZVsYrSA6J8ny9nb3B1VrpkuN+z9OE5wfE5p6H4LchYZsegiQgbJD94ZFQ==",
      "requires": {
        "lru-cache": "^6.0.0"
      }
    },
    "tslib": {
      "version": "2.2.0",
      "resolved": "https://registry.npmjs.org/tslib/-/tslib-2.2.0.tgz",
      "integrity": "sha512-gS9GVHRU+RGn5KQM2rllAlR3dU6m7AcpJKdtH8gFvQiC4Otgk98XnmMU+nZenHt/+VhnBPWwgrJsyrdcw6i23w=="
    },
    "yallist": {
      "version": "4.0.0",
      "resolved": "https://registry.npmjs.org/yallist/-/yallist-4.0.0.tgz",
      "integrity": "sha512-3wdGidZyq5PB084XLES5TpOSRA3wjXAlIWMhum2kRcv/41Sn2emQ0dycQW4uZXLejwKvg6EsvbdlVL+FYEct7A=="
    }
  }
}
